{
	"name": "typescript-with-node-12",
	"version": "1.0.0",
	"lockfileVersion": 1,
	"requires": true,
	"dependencies": {
		"lodash": {
			"version": "4.17.19",
			"resolved": "https://registry.npmjs.org/lodash/-/lodash-4.17.19.tgz",
			"integrity": "sha512-JNvd8XER9GQX0v2qJgsaN/mzFCNA5BRe/j8JN9d+tWyGLSodKQHKFicdwNYzWwI3wjRnaKPsGj1XkBjx/F96DQ=="
		},
		"typescript": {
			"version": "3.7.0-beta",
			"resolved": "https://registry.npmjs.org/typescript/-/typescript-3.7.0-beta.tgz",
			"integrity": "sha512-4jyCX+IQamrPJxgkABPq9xf+hUN+GWHVxoj+oey1TadCPa4snQl1RKwUba+1dyzYCamwlCxKvZQ3TjyWLhMGBA=="
		}
	}
}
