{
	"name": "typescript-with-node-12",
	"version": "1.0.0",
	"lockfileVersion": 1,
	"requires": true,
	"dependencies": {
		"lodash": {
			"version": "4.17.15",
			"resolved": "https://registry.npmjs.org/lodash/-/lodash-4.17.15.tgz",
			"integrity": "sha512-8xOcRHvCjnocdS5cpwXQXVzmmh5e5+saE2QGoeQmbKmRS6J3VQppPOIt0MnmE+4xlZoumy0GPG0D0MVIQbNA1A=="
		},
		"typescript": {
			"version": "3.7.0-beta",
			"resolved": "https://registry.npmjs.org/typescript/-/typescript-3.7.0-beta.tgz",
			"integrity": "sha512-4jyCX+IQamrPJxgkABPq9xf+hUN+GWHVxoj+oey1TadCPa4snQl1RKwUba+1dyzYCamwlCxKvZQ3TjyWLhMGBA=="
		}
	}
}
